
Microsoft Visual Studio Solution File, Format Version 12.00
# Visual Studio Version 17
VisualStudioVersion = 17.0.31903.59
MinimumVisualStudioVersion = 10.0.40219.1
Project("{2150E333-8FDC-42A3-9474-1A3956D46DE8}") = "tests", "tests", "{5877E3D0-7DD5-4899-A335-5A8EFE9EDEED}"
EndProject
Project("{FAE04EC0-301F-11D3-BF4B-00C04F79EFBC}") = "Billing.Tests", "tests\Billing.Tests\Billing.Tests.csproj", "{AB3A33D3-4422-420C-80C7-2C127B92916B}"
EndProject
Project("{2150E333-8FDC-42A3-9474-1A3956D46DE8}") = "src", "src", "{0E3D5BA3-6D37-4FE3-A822-1304768D7EEA}"
EndProject
Project("{FAE04EC0-301F-11D3-BF4B-00C04F79EFBC}") = "Billing", "src\Billing\Billing.csproj", "{60B30E74-A272-419F-A45A-947987B9C0C4}"
EndProject
Global
	GlobalSection(SolutionConfigurationPlatforms) = preSolution
		Debug|Any CPU = Debug|Any CPU
		Release|Any CPU = Release|Any CPU
	EndGlobalSection
	GlobalSection(SolutionProperties) = preSolution
		HideSolutionNode = FALSE
	EndGlobalSection
	GlobalSection(ProjectConfigurationPlatforms) = postSolution
		{AB3A33D3-4422-420C-80C7-2C127B92916B}.Debug|Any CPU.ActiveCfg = Debug|Any CPU
		{AB3A33D3-4422-420C-80C7-2C127B92916B}.Debug|Any CPU.Build.0 = Debug|Any CPU
		{AB3A33D3-4422-420C-80C7-2C127B92916B}.Release|Any CPU.ActiveCfg = Release|Any CPU
		{AB3A33D3-4422-420C-80C7-2C127B92916B}.Release|Any CPU.Build.0 = Release|Any CPU
		{60B30E74-A272-419F-A45A-947987B9C0C4}.Debug|Any CPU.ActiveCfg = Debug|Any CPU
		{60B30E74-A272-419F-A45A-947987B9C0C4}.Debug|Any CPU.Build.0 = Debug|Any CPU
		{60B30E74-A272-419F-A45A-947987B9C0C4}.Release|Any CPU.ActiveCfg = Release|Any CPU
		{60B30E74-A272-419F-A45A-947987B9C0C4}.Release|Any CPU.Build.0 = Release|Any CPU
	EndGlobalSection
	GlobalSection(NestedProjects) = preSolution
		{AB3A33D3-4422-420C-80C7-2C127B92916B} = {5877E3D0-7DD5-4899-A335-5A8EFE9EDEED}
		{60B30E74-A272-419F-A45A-947987B9C0C4} = {0E3D5BA3-6D37-4FE3-A822-1304768D7EEA}
	EndGlobalSection
EndGlobal
